
Microsoft Visual Studio Solution File, Format Version 12.00
# Visual Studio Version 16
VisualStudioVersion = 16.0.30907.101
MinimumVisualStudioVersion = 10.0.40219.1
Project("{9A19103F-16F7-4668-BE54-9A1E7A4F7556}") = "classintro", "classintro\classintro.csproj", "{C04BE74A-7266-4A47-ABAB-E7B8B4DFA45B}"
EndProject
Project("{FAE04EC0-301F-11D3-BF4B-00C04F79EFBC}") = "Metotlar", "Metotlar\Metotlar.csproj", "{C1CA06F3-AE19-4517-B6DE-F1B55E2600AF}"
EndProject
Project("{FAE04EC0-301F-11D3-BF4B-00C04F79EFBC}") = "Matematik", "Matematik\Matematik.csproj", "{3E278392-8367-4EB4-84CA-9CA0505B34BA}"
EndProject
Project("{FAE04EC0-301F-11D3-BF4B-00C04F79EFBC}") = "DegerVeRefenasTipler", "DegerVeRefenasTipler\DegerVeRefenasTipler.csproj", "{B281AE57-E767-42DE-AA17-DF79E45B0947}"
EndProject
Global
	GlobalSection(SolutionConfigurationPlatforms) = preSolution
		Debug|Any CPU = Debug|Any CPU
		Release|Any CPU = Release|Any CPU
	EndGlobalSection
	GlobalSection(ProjectConfigurationPlatforms) = postSolution
		{C04BE74A-7266-4A47-ABAB-E7B8B4DFA45B}.Debug|Any CPU.ActiveCfg = Debug|Any CPU
		{C04BE74A-7266-4A47-ABAB-E7B8B4DFA45B}.Debug|Any CPU.Build.0 = Debug|Any CPU
		{C04BE74A-7266-4A47-ABAB-E7B8B4DFA45B}.Release|Any CPU.ActiveCfg = Release|Any CPU
		{C04BE74A-7266-4A47-ABAB-E7B8B4DFA45B}.Release|Any CPU.Build.0 = Release|Any CPU
		{C1CA06F3-AE19-4517-B6DE-F1B55E2600AF}.Debug|Any CPU.ActiveCfg = Debug|Any CPU
		{C1CA06F3-AE19-4517-B6DE-F1B55E2600AF}.Debug|Any CPU.Build.0 = Debug|Any CPU
		{C1CA06F3-AE19-4517-B6DE-F1B55E2600AF}.Release|Any CPU.ActiveCfg = Release|Any CPU
		{C1CA06F3-AE19-4517-B6DE-F1B55E2600AF}.Release|Any CPU.Build.0 = Release|Any CPU
		{3E278392-8367-4EB4-84CA-9CA0505B34BA}.Debug|Any CPU.ActiveCfg = Debug|Any CPU
		{3E278392-8367-4EB4-84CA-9CA0505B34BA}.Debug|Any CPU.Build.0 = Debug|Any CPU
		{3E278392-8367-4EB4-84CA-9CA0505B34BA}.Release|Any CPU.ActiveCfg = Release|Any CPU
		{3E278392-8367-4EB4-84CA-9CA0505B34BA}.Release|Any CPU.Build.0 = Release|Any CPU
		{B281AE57-E767-42DE-AA17-DF79E45B0947}.Debug|Any CPU.ActiveCfg = Debug|Any CPU
		{B281AE57-E767-42DE-AA17-DF79E45B0947}.Debug|Any CPU.Build.0 = Debug|Any CPU
		{B281AE57-E767-42DE-AA17-DF79E45B0947}.Release|Any CPU.ActiveCfg = Release|Any CPU
		{B281AE57-E767-42DE-AA17-DF79E45B0947}.Release|Any CPU.Build.0 = Release|Any CPU
	EndGlobalSection
	GlobalSection(SolutionProperties) = preSolution
		HideSolutionNode = FALSE
	EndGlobalSection
	GlobalSection(ExtensibilityGlobals) = postSolution
		SolutionGuid = {ECD304E4-CDEC-4B62-84B5-8FC0A47CF367}
	EndGlobalSection
EndGlobal
